
Microsoft Visual Studio Solution File, Format Version 12.00
# Visual Studio Version 16
VisualStudioVersion = 16.0.34114.132
MinimumVisualStudioVersion = 10.0.40219.1
Project("{FAE04EC0-301F-11D3-BF4B-00C04F79EFBC}") = "ApliEscritorio", "ApliEscritorio.csproj", "{C882529D-7F5D-4521-BEED-35FD6CD59F9F}"
EndProject
Global
	GlobalSection(SolutionConfigurationPlatforms) = preSolution
		Debug|Any CPU = Debug|Any CPU
		Release|Any CPU = Release|Any CPU
	EndGlobalSection
	GlobalSection(ProjectConfigurationPlatforms) = postSolution
		{C882529D-7F5D-4521-BEED-35FD6CD59F9F}.Debug|Any CPU.ActiveCfg = Debug|Any CPU
		{C882529D-7F5D-4521-BEED-35FD6CD59F9F}.Debug|Any CPU.Build.0 = Debug|Any CPU
		{C882529D-7F5D-4521-BEED-35FD6CD59F9F}.Release|Any CPU.ActiveCfg = Release|Any CPU
		{C882529D-7F5D-4521-BEED-35FD6CD59F9F}.Release|Any CPU.Build.0 = Release|Any CPU
	EndGlobalSection
	GlobalSection(SolutionProperties) = preSolution
		HideSolutionNode = FALSE
	EndGlobalSection
	GlobalSection(ExtensibilityGlobals) = postSolution
		SolutionGuid = {70F01E90-C65C-4436-A664-8A24CF8B6307}
	EndGlobalSection
EndGlobal
